
Microsoft Visual Studio Solution File, Format Version 12.00
# Visual Studio Version 17
VisualStudioVersion = 17.4.33213.308
MinimumVisualStudioVersion = 10.0.40219.1
Project("{2150E333-8FDC-42A3-9474-1A3956D46DE8}") = "Tests", "Tests", "{3CB1752F-A247-49BF-8C24-849ECAEDBB92}"
EndProject
Project("{9A19103F-16F7-4668-BE54-9A1E7A4F7556}") = "DigitalDepot.Api.Tests", "Tests\DigitalDepot.Api.Tests\DigitalDepot.Api.Tests.csproj", "{FBDF4531-3492-4E74-A5E0-6107E97032DB}"
EndProject
Project("{9A19103F-16F7-4668-BE54-9A1E7A4F7556}") = "DigitalDepot.AppService.Tests", "Tests\DigitalDepot.AppService.Tests\DigitalDepot.AppService.Tests.csproj", "{7410D6A1-2820-4CFC-96AC-978E9FB7AEEC}"
EndProject
Project("{9A19103F-16F7-4668-BE54-9A1E7A4F7556}") = "DigitalDepot.Api", "Source\DigitalDepot.Api\DigitalDepot.Api.csproj", "{275BB2D1-73BB-4D30-BF25-34EFD8E6930C}"
EndProject
Project("{9A19103F-16F7-4668-BE54-9A1E7A4F7556}") = "DigitalDepot.AppService", "Source\DigitalDepot.AppService\DigitalDepot.AppService.csproj", "{91DC14D5-CC36-4AFE-ABB1-CA1AABCC39A3}"
EndProject
Project("{9A19103F-16F7-4668-BE54-9A1E7A4F7556}") = "DigitalDepot.DAL", "Source\DigitalDepot.DAL\DigitalDepot.DAL.csproj", "{AD8CF7CD-E8DC-4FF7-BC57-3691D90C7812}"
EndProject
Project("{9A19103F-16F7-4668-BE54-9A1E7A4F7556}") = "DigitalDepot.Domain", "Source\DigitalDepot.Domain\DigitalDepot.Domain.csproj", "{229C49C4-02DF-4EBE-97E7-B34DE522878A}"
EndProject
Global
	GlobalSection(SolutionConfigurationPlatforms) = preSolution
		Debug|Any CPU = Debug|Any CPU
		Release|Any CPU = Release|Any CPU
	EndGlobalSection
	GlobalSection(ProjectConfigurationPlatforms) = postSolution
		{FBDF4531-3492-4E74-A5E0-6107E97032DB}.Debug|Any CPU.ActiveCfg = Debug|Any CPU
		{FBDF4531-3492-4E74-A5E0-6107E97032DB}.Debug|Any CPU.Build.0 = Debug|Any CPU
		{FBDF4531-3492-4E74-A5E0-6107E97032DB}.Release|Any CPU.ActiveCfg = Release|Any CPU
		{FBDF4531-3492-4E74-A5E0-6107E97032DB}.Release|Any CPU.Build.0 = Release|Any CPU
		{7410D6A1-2820-4CFC-96AC-978E9FB7AEEC}.Debug|Any CPU.ActiveCfg = Debug|Any CPU
		{7410D6A1-2820-4CFC-96AC-978E9FB7AEEC}.Debug|Any CPU.Build.0 = Debug|Any CPU
		{7410D6A1-2820-4CFC-96AC-978E9FB7AEEC}.Release|Any CPU.ActiveCfg = Release|Any CPU
		{7410D6A1-2820-4CFC-96AC-978E9FB7AEEC}.Release|Any CPU.Build.0 = Release|Any CPU
		{275BB2D1-73BB-4D30-BF25-34EFD8E6930C}.Debug|Any CPU.ActiveCfg = Debug|Any CPU
		{275BB2D1-73BB-4D30-BF25-34EFD8E6930C}.Debug|Any CPU.Build.0 = Debug|Any CPU
		{275BB2D1-73BB-4D30-BF25-34EFD8E6930C}.Release|Any CPU.ActiveCfg = Release|Any CPU
		{275BB2D1-73BB-4D30-BF25-34EFD8E6930C}.Release|Any CPU.Build.0 = Release|Any CPU
		{91DC14D5-CC36-4AFE-ABB1-CA1AABCC39A3}.Debug|Any CPU.ActiveCfg = Debug|Any CPU
		{91DC14D5-CC36-4AFE-ABB1-CA1AABCC39A3}.Debug|Any CPU.Build.0 = Debug|Any CPU
		{91DC14D5-CC36-4AFE-ABB1-CA1AABCC39A3}.Release|Any CPU.ActiveCfg = Release|Any CPU
		{91DC14D5-CC36-4AFE-ABB1-CA1AABCC39A3}.Release|Any CPU.Build.0 = Release|Any CPU
		{AD8CF7CD-E8DC-4FF7-BC57-3691D90C7812}.Debug|Any CPU.ActiveCfg = Debug|Any CPU
		{AD8CF7CD-E8DC-4FF7-BC57-3691D90C7812}.Debug|Any CPU.Build.0 = Debug|Any CPU
		{AD8CF7CD-E8DC-4FF7-BC57-3691D90C7812}.Release|Any CPU.ActiveCfg = Release|Any CPU
		{AD8CF7CD-E8DC-4FF7-BC57-3691D90C7812}.Release|Any CPU.Build.0 = Release|Any CPU
		{229C49C4-02DF-4EBE-97E7-B34DE522878A}.Debug|Any CPU.ActiveCfg = Debug|Any CPU
		{229C49C4-02DF-4EBE-97E7-B34DE522878A}.Debug|Any CPU.Build.0 = Debug|Any CPU
		{229C49C4-02DF-4EBE-97E7-B34DE522878A}.Release|Any CPU.ActiveCfg = Release|Any CPU
		{229C49C4-02DF-4EBE-97E7-B34DE522878A}.Release|Any CPU.Build.0 = Release|Any CPU
	EndGlobalSection
	GlobalSection(SolutionProperties) = preSolution
		HideSolutionNode = FALSE
	EndGlobalSection
	GlobalSection(NestedProjects) = preSolution
		{FBDF4531-3492-4E74-A5E0-6107E97032DB} = {3CB1752F-A247-49BF-8C24-849ECAEDBB92}
		{7410D6A1-2820-4CFC-96AC-978E9FB7AEEC} = {3CB1752F-A247-49BF-8C24-849ECAEDBB92}
	EndGlobalSection
	GlobalSection(ExtensibilityGlobals) = postSolution
		SolutionGuid = {DED8DD75-A829-4AC6-90AB-662E363CB10E}
	EndGlobalSection
EndGlobal
